// !$*UTF8*$!
{
	archiveVersion = 1;
	classes = {
	};
	objectVersion = 56;
	objects = {

/* Begin PBXBuildFile section */
		3ED695042C8ECF0000DEF9AC /* jokesAppSwiftUIApp.swift in Sources */ = {isa = PBXBuildFile; fileRef = 3ED695032C8ECF0000DEF9AC /* jokesAppSwiftUIApp.swift */; };
		3ED695062C8ECF0000DEF9AC /* ContentView.swift in Sources */ = {isa = PBXBuildFile; fileRef = 3ED695052C8ECF0000DEF9AC /* ContentView.swift */; };
		3ED695082C8ECF0200DEF9AC /* Assets.xcassets in Resources */ = {isa = PBXBuildFile; fileRef = 3ED695072C8ECF0200DEF9AC /* Assets.xcassets */; };
		3ED6950B2C8ECF0200DEF9AC /* Preview Assets.xcassets in Resources */ = {isa = PBXBuildFile; fileRef = 3ED6950A2C8ECF0200DEF9AC /* Preview Assets.xcassets */; };
		3ED695122C8ED21500DEF9AC /* jokesData.swift in Sources */ = {isa = PBXBuildFile; fileRef = 3ED695112C8ED21500DEF9AC /* jokesData.swift */; };
		3ED695142C8EDB9B00DEF9AC /* JokesViewModel.swift in Sources */ = {isa = PBXBuildFile; fileRef = 3ED695132C8EDB9B00DEF9AC /* JokesViewModel.swift */; };
		3ED695172C8EDD3200DEF9AC /* Alamofire in Frameworks */ = {isa = PBXBuildFile; productRef = 3ED695162C8EDD3200DEF9AC /* Alamofire */; };
		3ED695192C8EDD3200DEF9AC /* AlamofireDynamic in Frameworks */ = {isa = PBXBuildFile; productRef = 3ED695182C8EDD3200DEF9AC /* AlamofireDynamic */; };
/* End PBXBuildFile section */

/* Begin PBXFileReference section */
		3ED695002C8ECF0000DEF9AC /* jokesAppSwiftUI.app */ = {isa = PBXFileReference; explicitFileType = wrapper.application; includeInIndex = 0; path = jokesAppSwiftUI.app; sourceTree = BUILT_PRODUCTS_DIR; };
		3ED695032C8ECF0000DEF9AC /* jokesAppSwiftUIApp.swift */ = {isa = PBXFileReference; lastKnownFileType = sourcecode.swift; path = jokesAppSwiftUIApp.swift; sourceTree = "<group>"; };
		3ED695052C8ECF0000DEF9AC /* ContentView.swift */ = {isa = PBXFileReference; lastKnownFileType = sourcecode.swift; path = ContentView.swift; sourceTree = "<group>"; };
		3ED695072C8ECF0200DEF9AC /* Assets.xcassets */ = {isa = PBXFileReference; lastKnownFileType = folder.assetcatalog; path = Assets.xcassets; sourceTree = "<group>"; };
		3ED6950A2C8ECF0200DEF9AC /* Preview Assets.xcassets */ = {isa = PBXFileReference; lastKnownFileType = folder.assetcatalog; path = "Preview Assets.xcassets"; sourceTree = "<group>"; };
		3ED695112C8ED21500DEF9AC /* jokesData.swift */ = {isa = PBXFileReference; lastKnownFileType = sourcecode.swift; path = jokesData.swift; sourceTree = "<group>"; };
		3ED695132C8EDB9B00DEF9AC /* JokesViewModel.swift */ = {isa = PBXFileReference; lastKnownFileType = sourcecode.swift; path = JokesViewModel.swift; sourceTree = "<group>"; };
		3ED6951A2C8EE29400DEF9AC /* Info.plist */ = {isa = PBXFileReference; lastKnownFileType = text.plist; path = Info.plist; sourceTree = "<group>"; };
/* End PBXFileReference section */

/* Begin PBXFrameworksBuildPhase section */
		3ED694FD2C8ECF0000DEF9AC /* Frameworks */ = {
			isa = PBXFrameworksBuildPhase;
			buildActionMask = 2147483647;
			files = (
				3ED695172C8EDD3200DEF9AC /* Alamofire in Frameworks */,
				3ED695192C8EDD3200DEF9AC /* AlamofireDynamic in Frameworks */,
			);
			runOnlyForDeploymentPostprocessing = 0;
		};
/* End PBXFrameworksBuildPhase section */

/* Begin PBXGroup section */
		3ED694F72C8ECF0000DEF9AC = {
			isa = PBXGroup;
			children = (
				3ED695022C8ECF0000DEF9AC /* jokesAppSwiftUI */,
				3ED695012C8ECF0000DEF9AC /* Products */,
			);
			sourceTree = "<group>";
		};
		3ED695012C8ECF0000DEF9AC /* Products */ = {
			isa = PBXGroup;
			children = (
				3ED695002C8ECF0000DEF9AC /* jokesAppSwiftUI.app */,
			);
			name = Products;
			sourceTree = "<group>";
		};
		3ED695022C8ECF0000DEF9AC /* jokesAppSwiftUI */ = {
			isa = PBXGroup;
			children = (
				3ED6951A2C8EE29400DEF9AC /* Info.plist */,
				3ED695032C8ECF0000DEF9AC /* jokesAppSwiftUIApp.swift */,
				3ED695052C8ECF0000DEF9AC /* ContentView.swift */,
				3ED695132C8EDB9B00DEF9AC /* JokesViewModel.swift */,
				3ED695112C8ED21500DEF9AC /* jokesData.swift */,
				3ED695072C8ECF0200DEF9AC /* Assets.xcassets */,
				3ED695092C8ECF0200DEF9AC /* Preview Content */,
			);
			path = jokesAppSwiftUI;
			sourceTree = "<group>";
		};
		3ED695092C8ECF0200DEF9AC /* Preview Content */ = {
			isa = PBXGroup;
			children = (
				3ED6950A2C8ECF0200DEF9AC /* Preview Assets.xcassets */,
			);
			path = "Preview Content";
			sourceTree = "<group>";
		};
/* End PBXGroup section */

/* Begin PBXNativeTarget section */
		3ED694FF2C8ECF0000DEF9AC /* jokesAppSwiftUI */ = {
			isa = PBXNativeTarget;
			buildConfigurationList = 3ED6950E2C8ECF0200DEF9AC /* Build configuration list for PBXNativeTarget "jokesAppSwiftUI" */;
			buildPhases = (
				3ED694FC2C8ECF0000DEF9AC /* Sources */,
				3ED694FD2C8ECF0000DEF9AC /* Frameworks */,
				3ED694FE2C8ECF0000DEF9AC /* Resources */,
			);
			buildRules = (
			);
			dependencies = (
			);
			name = jokesAppSwiftUI;
			packageProductDependencies = (
				3ED695162C8EDD3200DEF9AC /* Alamofire */,
				3ED695182C8EDD3200DEF9AC /* AlamofireDynamic */,
			);
			productName = jokesAppSwiftUI;
			productReference = 3ED695002C8ECF0000DEF9AC /* jokesAppSwiftUI.app */;
			productType = "com.apple.product-type.application";
		};
/* End PBXNativeTarget section */

/* Begin PBXProject section */
		3ED694F82C8ECF0000DEF9AC /* Project object */ = {
			isa = PBXProject;
			attributes = {
				BuildIndependentTargetsInParallel = 1;
				LastSwiftUpdateCheck = 1530;
				LastUpgradeCheck = 1530;
				TargetAttributes = {
					3ED694FF2C8ECF0000DEF9AC = {
						CreatedOnToolsVersion = 15.3;
					};
				};
			};
			buildConfigurationList = 3ED694FB2C8ECF0000DEF9AC /* Build configuration list for PBXProject "jokesAppSwiftUI" */;
			compatibilityVersion = "Xcode 14.0";
			developmentRegion = en;
			hasScannedForEncodings = 0;
			knownRegions = (
				en,
				Base,
			);
			mainGroup = 3ED694F72C8ECF0000DEF9AC;
			packageReferences = (
				3ED695152C8EDD3200DEF9AC /* XCRemoteSwiftPackageReference "Alamofire" */,
			);
			productRefGroup = 3ED695012C8ECF0000DEF9AC /* Products */;
			projectDirPath = "";
			projectRoot = "";
			targets = (
				3ED694FF2C8ECF0000DEF9AC /* jokesAppSwiftUI */,
			);
		};
/* End PBXProject section */

/* Begin PBXResourcesBuildPhase section */
		3ED694FE2C8ECF0000DEF9AC /* Resources */ = {
			isa = PBXResourcesBuildPhase;
			buildActionMask = 2147483647;
			files = (
				3ED6950B2C8ECF0200DEF9AC /* Preview Assets.xcassets in Resources */,
				3ED695082C8ECF0200DEF9AC /* Assets.xcassets in Resources */,
			);
			runOnlyForDeploymentPostprocessing = 0;
		};
/* End PBXResourcesBuildPhase section */

/* Begin PBXSourcesBuildPhase section */
		3ED694FC2C8ECF0000DEF9AC /* Sources */ = {
			isa = PBXSourcesBuildPhase;
			buildActionMask = 2147483647;
			files = (
				3ED695062C8ECF0000DEF9AC /* ContentView.swift in Sources */,
				3ED695042C8ECF0000DEF9AC /* jokesAppSwiftUIApp.swift in Sources */,
				3ED695122C8ED21500DEF9AC /* jokesData.swift in Sources */,
				3ED695142C8EDB9B00DEF9AC /* JokesViewModel.swift in Sources */,
			);
			runOnlyForDeploymentPostprocessing = 0;
		};
/* End PBXSourcesBuildPhase section */

/* Begin XCBuildConfiguration section */
		3ED6950C2C8ECF0200DEF9AC /* Debug */ = {
			isa = XCBuildConfiguration;
			buildSettings = {
				ALWAYS_SEARCH_USER_PATHS = NO;
				ASSETCATALOG_COMPILER_GENERATE_SWIFT_ASSET_SYMBOL_EXTENSIONS = YES;
				CLANG_ANALYZER_NONNULL = YES;
				CLANG_ANALYZER_NUMBER_OBJECT_CONVERSION = YES_AGGRESSIVE;
				CLANG_CXX_LANGUAGE_STANDARD = "gnu++20";
				CLANG_ENABLE_MODULES = YES;
				CLANG_ENABLE_OBJC_ARC = YES;
				CLANG_ENABLE_OBJC_WEAK = YES;
				CLANG_WARN_BLOCK_CAPTURE_AUTORELEASING = YES;
				CLANG_WARN_BOOL_CONVERSION = YES;
				CLANG_WARN_COMMA = YES;
				CLANG_WARN_CONSTANT_CONVERSION = YES;
				CLANG_WARN_DEPRECATED_OBJC_IMPLEMENTATIONS = YES;
				CLANG_WARN_DIRECT_OBJC_ISA_USAGE = YES_ERROR;
				CLANG_WARN_DOCUMENTATION_COMMENTS = YES;
				CLANG_WARN_EMPTY_BODY = YES;
				CLANG_WARN_ENUM_CONVERSION = YES;
				CLANG_WARN_INFINITE_RECURSION = YES;
				CLANG_WARN_INT_CONVERSION = YES;
				CLANG_WARN_NON_LITERAL_NULL_CONVERSION = YES;
				CLANG_WARN_OBJC_IMPLICIT_RETAIN_SELF = YES;
				CLANG_WARN_OBJC_LITERAL_CONVERSION = YES;
				CLANG_WARN_OBJC_ROOT_CLASS = YES_ERROR;
				CLANG_WARN_QUOTED_INCLUDE_IN_FRAMEWORK_HEADER = YES;
				CLANG_WARN_RANGE_LOOP_ANALYSIS = YES;
				CLANG_WARN_STRICT_PROTOTYPES = YES;
				CLANG_WARN_SUSPICIOUS_MOVE = YES;
				CLANG_WARN_UNGUARDED_AVAILABILITY = YES_AGGRESSIVE;
				CLANG_WARN_UNREACHABLE_CODE = YES;
				CLANG_WARN__DUPLICATE_METHOD_MATCH = YES;
				COPY_PHASE_STRIP = NO;
				DEBUG_INFORMATION_FORMAT = dwarf;
				ENABLE_STRICT_OBJC_MSGSEND = YES;
				ENABLE_TESTABILITY = YES;
				ENABLE_USER_SCRIPT_SANDBOXING = YES;
				GCC_C_LANGUAGE_STANDARD = gnu17;
				GCC_DYNAMIC_NO_PIC = NO;
				GCC_NO_COMMON_BLOCKS = YES;
				GCC_OPTIMIZATION_LEVEL = 0;
				GCC_PREPROCESSOR_DEFINITIONS = (
					"DEBUG=1",
					"$(inherited)",
				);
				GCC_WARN_64_TO_32_BIT_CONVERSION = YES;
				GCC_WARN_ABOUT_RETURN_TYPE = YES_ERROR;
				GCC_WARN_UNDECLARED_SELECTOR = YES;
				GCC_WARN_UNINITIALIZED_AUTOS = YES_AGGRESSIVE;
				GCC_WARN_UNUSED_FUNCTION = YES;
				GCC_WARN_UNUSED_VARIABLE = YES;
				IPHONEOS_DEPLOYMENT_TARGET = 17.4;
				LOCALIZATION_PREFERS_STRING_CATALOGS = YES;
				MTL_ENABLE_DEBUG_INFO = INCLUDE_SOURCE;
				MTL_FAST_MATH = YES;
				ONLY_ACTIVE_ARCH = YES;
				SDKROOT = iphoneos;
				SWIFT_ACTIVE_COMPILATION_CONDITIONS = "DEBUG $(inherited)";
				SWIFT_OPTIMIZATION_LEVEL = "-Onone";
			};
			name = Debug;
		};
		3ED6950D2C8ECF0200DEF9AC /* Release */ = {
			isa = XCBuildConfiguration;
			buildSettings = {
				ALWAYS_SEARCH_USER_PATHS = NO;
				ASSETCATALOG_COMPILER_GENERATE_SWIFT_ASSET_SYMBOL_EXTENSIONS = YES;
				CLANG_ANALYZER_NONNULL = YES;
				CLANG_ANALYZER_NUMBER_OBJECT_CONVERSION = YES_AGGRESSIVE;
				CLANG_CXX_LANGUAGE_STANDARD = "gnu++20";
				CLANG_ENABLE_MODULES = YES;
				CLANG_ENABLE_OBJC_ARC = YES;
				CLANG_ENABLE_OBJC_WEAK = YES;
				CLANG_WARN_BLOCK_CAPTURE_AUTORELEASING = YES;
				CLANG_WARN_BOOL_CONVERSION = YES;
				CLANG_WARN_COMMA = YES;
				CLANG_WARN_CONSTANT_CONVERSION = YES;
				CLANG_WARN_DEPRECATED_OBJC_IMPLEMENTATIONS = YES;
				CLANG_WARN_DIRECT_OBJC_ISA_USAGE = YES_ERROR;
				CLANG_WARN_DOCUMENTATION_COMMENTS = YES;
				CLANG_WARN_EMPTY_BODY = YES;
				CLANG_WARN_ENUM_CONVERSION = YES;
				CLANG_WARN_INFINITE_RECURSION = YES;
				CLANG_WARN_INT_CONVERSION = YES;
				CLANG_WARN_NON_LITERAL_NULL_CONVERSION = YES;
				CLANG_WARN_OBJC_IMPLICIT_RETAIN_SELF = YES;
				CLANG_WARN_OBJC_LITERAL_CONVERSION = YES;
				CLANG_WARN_OBJC_ROOT_CLASS = YES_ERROR;
				CLANG_WARN_QUOTED_INCLUDE_IN_FRAMEWORK_HEADER = YES;
				CLANG_WARN_RANGE_LOOP_ANALYSIS = YES;
				CLANG_WARN_STRICT_PROTOTYPES = YES;
				CLANG_WARN_SUSPICIOUS_MOVE = YES;
				CLANG_WARN_UNGUARDED_AVAILABILITY = YES_AGGRESSIVE;
				CLANG_WARN_UNREACHABLE_CODE = YES;
				CLANG_WARN__DUPLICATE_METHOD_MATCH = YES;
				COPY_PHASE_STRIP = NO;
				DEBUG_INFORMATION_FORMAT = "dwarf-with-dsym";
				ENABLE_NS_ASSERTIONS = NO;
				ENABLE_STRICT_OBJC_MSGSEND = YES;
				ENABLE_USER_SCRIPT_SANDBOXING = YES;
				GCC_C_LANGUAGE_STANDARD = gnu17;
				GCC_NO_COMMON_BLOCKS = YES;
				GCC_WARN_64_TO_32_BIT_CONVERSION = YES;
				GCC_WARN_ABOUT_RETURN_TYPE = YES_ERROR;
				GCC_WARN_UNDECLARED_SELECTOR = YES;
				GCC_WARN_UNINITIALIZED_AUTOS = YES_AGGRESSIVE;
				GCC_WARN_UNUSED_FUNCTION = YES;
				GCC_WARN_UNUSED_VARIABLE = YES;
				IPHONEOS_DEPLOYMENT_TARGET = 17.4;
				LOCALIZATION_PREFERS_STRING_CATALOGS = YES;
				MTL_ENABLE_DEBUG_INFO = NO;
				MTL_FAST_MATH = YES;
				SDKROOT = iphoneos;
				SWIFT_COMPILATION_MODE = wholemodule;
				VALIDATE_PRODUCT = YES;
			};
			name = Release;
		};
		3ED6950F2C8ECF0200DEF9AC /* Debug */ = {
			isa = XCBuildConfiguration;
			buildSettings = {
				ASSETCATALOG_COMPILER_APPICON_NAME = AppIcon;
				ASSETCATALOG_COMPILER_GLOBAL_ACCENT_COLOR_NAME = AccentColor;
				CODE_SIGN_STYLE = Automatic;
				CURRENT_PROJECT_VERSION = 1;
				DEVELOPMENT_ASSET_PATHS = "\"jokesAppSwiftUI/Preview Content\"";
				ENABLE_PREVIEWS = YES;
				GENERATE_INFOPLIST_FILE = YES;
				INFOPLIST_FILE = jokesAppSwiftUI/Info.plist;
				INFOPLIST_KEY_UIApplicationSceneManifest_Generation = YES;
				INFOPLIST_KEY_UIApplicationSupportsIndirectInputEvents = YES;
				INFOPLIST_KEY_UILaunchScreen_Generation = YES;
				INFOPLIST_KEY_UISupportedInterfaceOrientations_iPad = "UIInterfaceOrientationPortrait UIInterfaceOrientationPortraitUpsideDown UIInterfaceOrientationLandscapeLeft UIInterfaceOrientationLandscapeRight";
				INFOPLIST_KEY_UISupportedInterfaceOrientations_iPhone = "UIInterfaceOrientationPortrait UIInterfaceOrientationLandscapeLeft UIInterfaceOrientationLandscapeRight";
				LD_RUNPATH_SEARCH_PATHS = (
					"$(inherited)",
					"@executable_path/Frameworks",
				);
				MARKETING_VERSION = 1.0;
				PRODUCT_BUNDLE_IDENTIFIER = tunatu.jokesAppSwiftUI;
				PRODUCT_NAME = "$(TARGET_NAME)";
				SWIFT_EMIT_LOC_STRINGS = YES;
				SWIFT_VERSION = 5.0;
				TARGETED_DEVICE_FAMILY = "1,2";
			};
			name = Debug;
		};
		3ED695102C8ECF0200DEF9AC /* Release */ = {
			isa = XCBuildConfiguration;
			buildSettings = {
				ASSETCATALOG_COMPILER_APPICON_NAME = AppIcon;
				ASSETCATALOG_COMPILER_GLOBAL_ACCENT_COLOR_NAME = AccentColor;
				CODE_SIGN_STYLE = Automatic;
				CURRENT_PROJECT_VERSION = 1;
				DEVELOPMENT_ASSET_PATHS = "\"jokesAppSwiftUI/Preview Content\"";
				ENABLE_PREVIEWS = YES;
				GENERATE_INFOPLIST_FILE = YES;
				INFOPLIST_FILE = jokesAppSwiftUI/Info.plist;
				INFOPLIST_KEY_UIApplicationSceneManifest_Generation = YES;
				INFOPLIST_KEY_UIApplicationSupportsIndirectInputEvents = YES;
				INFOPLIST_KEY_UILaunchScreen_Generation = YES;
				INFOPLIST_KEY_UISupportedInterfaceOrientations_iPad = "UIInterfaceOrientationPortrait UIInterfaceOrientationPortraitUpsideDown UIInterfaceOrientationLandscapeLeft UIInterfaceOrientationLandscapeRight";
				INFOPLIST_KEY_UISupportedInterfaceOrientations_iPhone = "UIInterfaceOrientationPortrait UIInterfaceOrientationLandscapeLeft UIInterfaceOrientationLandscapeRight";
				LD_RUNPATH_SEARCH_PATHS = (
					"$(inherited)",
					"@executable_path/Frameworks",
				);
				MARKETING_VERSION = 1.0;
				PRODUCT_BUNDLE_IDENTIFIER = tunatu.jokesAppSwiftUI;
				PRODUCT_NAME = "$(TARGET_NAME)";
				SWIFT_EMIT_LOC_STRINGS = YES;
				SWIFT_VERSION = 5.0;
				TARGETED_DEVICE_FAMILY = "1,2";
			};
			name = Release;
		};
/* End XCBuildConfiguration section */

/* Begin XCConfigurationList section */
		3ED694FB2C8ECF0000DEF9AC /* Build configuration list for PBXProject "jokesAppSwiftUI" */ = {
			isa = XCConfigurationList;
			buildConfigurations = (
				3ED6950C2C8ECF0200DEF9AC /* Debug */,
				3ED6950D2C8ECF0200DEF9AC /* Release */,
			);
			defaultConfigurationIsVisible = 0;
			defaultConfigurationName = Release;
		};
		3ED6950E2C8ECF0200DEF9AC /* Build configuration list for PBXNativeTarget "jokesAppSwiftUI" */ = {
			isa = XCConfigurationList;
			buildConfigurations = (
				3ED6950F2C8ECF0200DEF9AC /* Debug */,
				3ED695102C8ECF0200DEF9AC /* Release */,
			);
			defaultConfigurationIsVisible = 0;
			defaultConfigurationName = Release;
		};
/* End XCConfigurationList section */

/* Begin XCRemoteSwiftPackageReference section */
		3ED695152C8EDD3200DEF9AC /* XCRemoteSwiftPackageReference "Alamofire" */ = {
			isa = XCRemoteSwiftPackageReference;
			repositoryURL = "https://github.com/Alamofire/Alamofire.git";
			requirement = {
				kind = upToNextMajorVersion;
				minimumVersion = 5.9.1;
			};
		};
/* End XCRemoteSwiftPackageReference section */

/* Begin XCSwiftPackageProductDependency section */
		3ED695162C8EDD3200DEF9AC /* Alamofire */ = {
			isa = XCSwiftPackageProductDependency;
			package = 3ED695152C8EDD3200DEF9AC /* XCRemoteSwiftPackageReference "Alamofire" */;
			productName = Alamofire;
		};
		3ED695182C8EDD3200DEF9AC /* AlamofireDynamic */ = {
			isa = XCSwiftPackageProductDependency;
			package = 3ED695152C8EDD3200DEF9AC /* XCRemoteSwiftPackageReference "Alamofire" */;
			productName = AlamofireDynamic;
		};
/* End XCSwiftPackageProductDependency section */
	};
	rootObject = 3ED694F82C8ECF0000DEF9AC /* Project object */;
}
